
Microsoft Visual Studio Solution File, Format Version 12.00
# Visual Studio Version 16
VisualStudioVersion = 16.0.32228.343
MinimumVisualStudioVersion = 10.0.40219.1
Project("{FAE04EC0-301F-11D3-BF4B-00C04F79EFBC}") = "CompanyEmployees", "CompanyEmployees\CompanyEmployees.csproj", "{C97E1441-2DC2-40CA-B67E-F1127708A124}"
EndProject
Project("{FAE04EC0-301F-11D3-BF4B-00C04F79EFBC}") = "Contracts", "Contracts\Contracts.csproj", "{12C994BF-AD9E-44CB-BF83-51085768894F}"
EndProject
Project("{FAE04EC0-301F-11D3-BF4B-00C04F79EFBC}") = "LoggerService", "LoggerService\LoggerService.csproj", "{9F5452FA-221E-4B5F-96F3-357970758215}"
EndProject
Project("{FAE04EC0-301F-11D3-BF4B-00C04F79EFBC}") = "Entities", "Entities\Entities.csproj", "{3CC306DC-158B-4FD0-9FB0-B604083306C4}"
EndProject
Project("{FAE04EC0-301F-11D3-BF4B-00C04F79EFBC}") = "Repository", "Repository\Repository.csproj", "{05C65527-3CCF-43CE-A616-82C22F723CF0}"
EndProject
Global
	GlobalSection(SolutionConfigurationPlatforms) = preSolution
		Debug|Any CPU = Debug|Any CPU
		Release|Any CPU = Release|Any CPU
	EndGlobalSection
	GlobalSection(ProjectConfigurationPlatforms) = postSolution
		{C97E1441-2DC2-40CA-B67E-F1127708A124}.Debug|Any CPU.ActiveCfg = Debug|Any CPU
		{C97E1441-2DC2-40CA-B67E-F1127708A124}.Debug|Any CPU.Build.0 = Debug|Any CPU
		{C97E1441-2DC2-40CA-B67E-F1127708A124}.Release|Any CPU.ActiveCfg = Release|Any CPU
		{C97E1441-2DC2-40CA-B67E-F1127708A124}.Release|Any CPU.Build.0 = Release|Any CPU
		{12C994BF-AD9E-44CB-BF83-51085768894F}.Debug|Any CPU.ActiveCfg = Debug|Any CPU
		{12C994BF-AD9E-44CB-BF83-51085768894F}.Debug|Any CPU.Build.0 = Debug|Any CPU
		{12C994BF-AD9E-44CB-BF83-51085768894F}.Release|Any CPU.ActiveCfg = Release|Any CPU
		{12C994BF-AD9E-44CB-BF83-51085768894F}.Release|Any CPU.Build.0 = Release|Any CPU
		{9F5452FA-221E-4B5F-96F3-357970758215}.Debug|Any CPU.ActiveCfg = Debug|Any CPU
		{9F5452FA-221E-4B5F-96F3-357970758215}.Debug|Any CPU.Build.0 = Debug|Any CPU
		{9F5452FA-221E-4B5F-96F3-357970758215}.Release|Any CPU.ActiveCfg = Release|Any CPU
		{9F5452FA-221E-4B5F-96F3-357970758215}.Release|Any CPU.Build.0 = Release|Any CPU
		{3CC306DC-158B-4FD0-9FB0-B604083306C4}.Debug|Any CPU.ActiveCfg = Debug|Any CPU
		{3CC306DC-158B-4FD0-9FB0-B604083306C4}.Debug|Any CPU.Build.0 = Debug|Any CPU
		{3CC306DC-158B-4FD0-9FB0-B604083306C4}.Release|Any CPU.ActiveCfg = Release|Any CPU
		{3CC306DC-158B-4FD0-9FB0-B604083306C4}.Release|Any CPU.Build.0 = Release|Any CPU
		{05C65527-3CCF-43CE-A616-82C22F723CF0}.Debug|Any CPU.ActiveCfg = Debug|Any CPU
		{05C65527-3CCF-43CE-A616-82C22F723CF0}.Debug|Any CPU.Build.0 = Debug|Any CPU
		{05C65527-3CCF-43CE-A616-82C22F723CF0}.Release|Any CPU.ActiveCfg = Release|Any CPU
		{05C65527-3CCF-43CE-A616-82C22F723CF0}.Release|Any CPU.Build.0 = Release|Any CPU
	EndGlobalSection
	GlobalSection(SolutionProperties) = preSolution
		HideSolutionNode = FALSE
	EndGlobalSection
	GlobalSection(ExtensibilityGlobals) = postSolution
		SolutionGuid = {B13C19C5-4DD4-4253-8D5B-B7948718E4C2}
	EndGlobalSection
EndGlobal
